
Microsoft Visual Studio Solution File, Format Version 12.00
# Visual Studio Version 17
VisualStudioVersion = 17.3.32819.101
MinimumVisualStudioVersion = 10.0.40219.1
Project("{FAE04EC0-301F-11D3-BF4B-00C04F79EFBC}") = "Snake_And_Ladder", "Snake_And_Ladder\Snake_And_Ladder.csproj", "{0A820E9B-88A4-4964-B143-F4CBA2B7664D}"
EndProject
Global
	GlobalSection(SolutionConfigurationPlatforms) = preSolution
		Debug|Any CPU = Debug|Any CPU
		Release|Any CPU = Release|Any CPU
	EndGlobalSection
	GlobalSection(ProjectConfigurationPlatforms) = postSolution
		{0A820E9B-88A4-4964-B143-F4CBA2B7664D}.Debug|Any CPU.ActiveCfg = Debug|Any CPU
		{0A820E9B-88A4-4964-B143-F4CBA2B7664D}.Debug|Any CPU.Build.0 = Debug|Any CPU
		{0A820E9B-88A4-4964-B143-F4CBA2B7664D}.Release|Any CPU.ActiveCfg = Release|Any CPU
		{0A820E9B-88A4-4964-B143-F4CBA2B7664D}.Release|Any CPU.Build.0 = Release|Any CPU
	EndGlobalSection
	GlobalSection(SolutionProperties) = preSolution
		HideSolutionNode = FALSE
	EndGlobalSection
	GlobalSection(ExtensibilityGlobals) = postSolution
		SolutionGuid = {75B8F30E-CDB8-483C-9BC3-BC4E7B3FD549}
	EndGlobalSection
EndGlobal
